
Microsoft Visual Studio Solution File, Format Version 12.00
# Visual Studio 15
VisualStudioVersion = 15.0.27428.2043
MinimumVisualStudioVersion = 10.0.40219.1
Project("{FAE04EC0-301F-11D3-BF4B-00C04F79EFBC}") = "TelegramLocalStorage", "src\TelegramLocalStorage\TelegramLocalStorage.csproj", "{3D5504AD-6427-4093-A0A7-45E2FDF2AA72}"
EndProject
Project("{2150E333-8FDC-42A3-9474-1A3956D46DE8}") = "src", "src", "{69366B5E-8A3A-4174-83DD-B8E06657D050}"
EndProject
Project("{2150E333-8FDC-42A3-9474-1A3956D46DE8}") = "Solution Items", "Solution Items", "{2E4D28DD-7E56-4293-B906-A464826A5E3B}"
	ProjectSection(SolutionItems) = preProject
		README.md = README.md
	EndProjectSection
EndProject
Project("{FAE04EC0-301F-11D3-BF4B-00C04F79EFBC}") = "TelegramLocalStorageExample", "src\TelegramLocalStorageExample\TelegramLocalStorageExample.csproj", "{8A7ABCFD-0B03-4385-9E06-BFBE19E1E11B}"
EndProject
Global
	GlobalSection(SolutionConfigurationPlatforms) = preSolution
		Debug|Any CPU = Debug|Any CPU
		Release|Any CPU = Release|Any CPU
	EndGlobalSection
	GlobalSection(ProjectConfigurationPlatforms) = postSolution
		{3D5504AD-6427-4093-A0A7-45E2FDF2AA72}.Debug|Any CPU.ActiveCfg = Debug|Any CPU
		{3D5504AD-6427-4093-A0A7-45E2FDF2AA72}.Debug|Any CPU.Build.0 = Debug|Any CPU
		{3D5504AD-6427-4093-A0A7-45E2FDF2AA72}.Release|Any CPU.ActiveCfg = Release|Any CPU
		{3D5504AD-6427-4093-A0A7-45E2FDF2AA72}.Release|Any CPU.Build.0 = Release|Any CPU
		{8A7ABCFD-0B03-4385-9E06-BFBE19E1E11B}.Debug|Any CPU.ActiveCfg = Debug|Any CPU
		{8A7ABCFD-0B03-4385-9E06-BFBE19E1E11B}.Debug|Any CPU.Build.0 = Debug|Any CPU
		{8A7ABCFD-0B03-4385-9E06-BFBE19E1E11B}.Release|Any CPU.ActiveCfg = Release|Any CPU
		{8A7ABCFD-0B03-4385-9E06-BFBE19E1E11B}.Release|Any CPU.Build.0 = Release|Any CPU
	EndGlobalSection
	GlobalSection(SolutionProperties) = preSolution
		HideSolutionNode = FALSE
	EndGlobalSection
	GlobalSection(NestedProjects) = preSolution
		{3D5504AD-6427-4093-A0A7-45E2FDF2AA72} = {69366B5E-8A3A-4174-83DD-B8E06657D050}
		{8A7ABCFD-0B03-4385-9E06-BFBE19E1E11B} = {69366B5E-8A3A-4174-83DD-B8E06657D050}
	EndGlobalSection
	GlobalSection(ExtensibilityGlobals) = postSolution
		SolutionGuid = {AE5A4AA8-61A9-4E06-953C-71E83E580F07}
	EndGlobalSection
EndGlobal
